
Microsoft Visual Studio Solution File, Format Version 12.00
# Visual Studio Version 17
VisualStudioVersion = 17.8.34322.80
MinimumVisualStudioVersion = 10.0.40219.1
Project("{FAE04EC0-301F-11D3-BF4B-00C04F79EFBC}") = "ProjektarbeitLernApp", "ProjektarbeitLernApp\ProjektarbeitLernApp.csproj", "{CD5D0861-3686-4822-A43F-60F29E633125}"
EndProject
Global
	GlobalSection(SolutionConfigurationPlatforms) = preSolution
		Debug|Any CPU = Debug|Any CPU
		Release|Any CPU = Release|Any CPU
	EndGlobalSection
	GlobalSection(ProjectConfigurationPlatforms) = postSolution
		{CD5D0861-3686-4822-A43F-60F29E633125}.Debug|Any CPU.ActiveCfg = Debug|Any CPU
		{CD5D0861-3686-4822-A43F-60F29E633125}.Debug|Any CPU.Build.0 = Debug|Any CPU
		{CD5D0861-3686-4822-A43F-60F29E633125}.Release|Any CPU.ActiveCfg = Release|Any CPU
		{CD5D0861-3686-4822-A43F-60F29E633125}.Release|Any CPU.Build.0 = Release|Any CPU
	EndGlobalSection
	GlobalSection(SolutionProperties) = preSolution
		HideSolutionNode = FALSE
	EndGlobalSection
	GlobalSection(ExtensibilityGlobals) = postSolution
		SolutionGuid = {6F92070A-4C7C-48BC-8013-28E39C09C954}
	EndGlobalSection
EndGlobal
